// !$*UTF8*$!
{
	archiveVersion = 1;
	classes = {
	};
	objectVersion = 48;
	objects = {

/* Begin PBXBuildFile section */
		23B4E4C72005F9050076DD65 /* AppDelegate.swift in Sources */ = {isa = PBXBuildFile; fileRef = 23B4E4C62005F9050076DD65 /* AppDelegate.swift */; };
		23B4E4C92005F9050076DD65 /* ViewController.swift in Sources */ = {isa = PBXBuildFile; fileRef = 23B4E4C82005F9050076DD65 /* ViewController.swift */; };
		23B4E4CC2005F9050076DD65 /* Main.storyboard in Resources */ = {isa = PBXBuildFile; fileRef = 23B4E4CA2005F9050076DD65 /* Main.storyboard */; };
		23B4E4CE2005F9050076DD65 /* Assets.xcassets in Resources */ = {isa = PBXBuildFile; fileRef = 23B4E4CD2005F9050076DD65 /* Assets.xcassets */; };
		23B4E4D12005F9050076DD65 /* LaunchScreen.storyboard in Resources */ = {isa = PBXBuildFile; fileRef = 23B4E4CF2005F9050076DD65 /* LaunchScreen.storyboard */; };
		23B4E4D92005F9620076DD65 /* SetCardView.swift in Sources */ = {isa = PBXBuildFile; fileRef = 23B4E4D82005F9620076DD65 /* SetCardView.swift */; };
		23B4E4FB200CBF900076DD65 /* SetCard.swift in Sources */ = {isa = PBXBuildFile; fileRef = 23B4E4FA200CBF900076DD65 /* SetCard.swift */; };
		23B4E4FD200CC0E00076DD65 /* SetCardDeck.swift in Sources */ = {isa = PBXBuildFile; fileRef = 23B4E4FC200CC0E00076DD65 /* SetCardDeck.swift */; };
/* End PBXBuildFile section */

/* Begin PBXFileReference section */
		23B4E4C32005F9050076DD65 /* SetGame.app */ = {isa = PBXFileReference; explicitFileType = wrapper.application; includeInIndex = 0; path = SetGame.app; sourceTree = BUILT_PRODUCTS_DIR; };
		23B4E4C62005F9050076DD65 /* AppDelegate.swift */ = {isa = PBXFileReference; lastKnownFileType = sourcecode.swift; path = AppDelegate.swift; sourceTree = "<group>"; };
		23B4E4C82005F9050076DD65 /* ViewController.swift */ = {isa = PBXFileReference; lastKnownFileType = sourcecode.swift; path = ViewController.swift; sourceTree = "<group>"; };
		23B4E4CB2005F9050076DD65 /* Base */ = {isa = PBXFileReference; lastKnownFileType = file.storyboard; name = Base; path = Base.lproj/Main.storyboard; sourceTree = "<group>"; };
		23B4E4CD2005F9050076DD65 /* Assets.xcassets */ = {isa = PBXFileReference; lastKnownFileType = folder.assetcatalog; path = Assets.xcassets; sourceTree = "<group>"; };
		23B4E4D02005F9050076DD65 /* Base */ = {isa = PBXFileReference; lastKnownFileType = file.storyboard; name = Base; path = Base.lproj/LaunchScreen.storyboard; sourceTree = "<group>"; };
		23B4E4D22005F9050076DD65 /* Info.plist */ = {isa = PBXFileReference; lastKnownFileType = text.plist.xml; path = Info.plist; sourceTree = "<group>"; };
		23B4E4D82005F9620076DD65 /* SetCardView.swift */ = {isa = PBXFileReference; lastKnownFileType = sourcecode.swift; path = SetCardView.swift; sourceTree = "<group>"; };
		23B4E4FA200CBF900076DD65 /* SetCard.swift */ = {isa = PBXFileReference; lastKnownFileType = sourcecode.swift; path = SetCard.swift; sourceTree = "<group>"; };
		23B4E4FC200CC0E00076DD65 /* SetCardDeck.swift */ = {isa = PBXFileReference; lastKnownFileType = sourcecode.swift; path = SetCardDeck.swift; sourceTree = "<group>"; };
/* End PBXFileReference section */

/* Begin PBXFrameworksBuildPhase section */
		23B4E4C02005F9050076DD65 /* Frameworks */ = {
			isa = PBXFrameworksBuildPhase;
			buildActionMask = 2147483647;
			files = (
			);
			runOnlyForDeploymentPostprocessing = 0;
		};
/* End PBXFrameworksBuildPhase section */

/* Begin PBXGroup section */
		23B4E4BA2005F9050076DD65 = {
			isa = PBXGroup;
			children = (
				23B4E4C52005F9050076DD65 /* SetGame */,
				23B4E4C42005F9050076DD65 /* Products */,
			);
			sourceTree = "<group>";
		};
		23B4E4C42005F9050076DD65 /* Products */ = {
			isa = PBXGroup;
			children = (
				23B4E4C32005F9050076DD65 /* SetGame.app */,
			);
			name = Products;
			sourceTree = "<group>";
		};
		23B4E4C52005F9050076DD65 /* SetGame */ = {
			isa = PBXGroup;
			children = (
				23B4E4D82005F9620076DD65 /* SetCardView.swift */,
				23B4E4C62005F9050076DD65 /* AppDelegate.swift */,
				23B4E4C82005F9050076DD65 /* ViewController.swift */,
				23B4E4FA200CBF900076DD65 /* SetCard.swift */,
				23B4E4FC200CC0E00076DD65 /* SetCardDeck.swift */,
				23B4E4CA2005F9050076DD65 /* Main.storyboard */,
				23B4E4CD2005F9050076DD65 /* Assets.xcassets */,
				23B4E4CF2005F9050076DD65 /* LaunchScreen.storyboard */,
				23B4E4D22005F9050076DD65 /* Info.plist */,
			);
			path = SetGame;
			sourceTree = "<group>";
		};
/* End PBXGroup section */

/* Begin PBXNativeTarget section */
		23B4E4C22005F9050076DD65 /* SetGame */ = {
			isa = PBXNativeTarget;
			buildConfigurationList = 23B4E4D52005F9050076DD65 /* Build configuration list for PBXNativeTarget "SetGame" */;
			buildPhases = (
				23B4E4BF2005F9050076DD65 /* Sources */,
				23B4E4C02005F9050076DD65 /* Frameworks */,
				23B4E4C12005F9050076DD65 /* Resources */,
			);
			buildRules = (
			);
			dependencies = (
			);
			name = SetGame;
			productName = SetGame;
			productReference = 23B4E4C32005F9050076DD65 /* SetGame.app */;
			productType = "com.apple.product-type.application";
		};
/* End PBXNativeTarget section */

/* Begin PBXProject section */
		23B4E4BB2005F9050076DD65 /* Project object */ = {
			isa = PBXProject;
			attributes = {
				LastSwiftUpdateCheck = 0920;
				LastUpgradeCheck = 0920;
				ORGANIZATIONNAME = "wesam Khallaf";
				TargetAttributes = {
					23B4E4C22005F9050076DD65 = {
						CreatedOnToolsVersion = 9.2;
						ProvisioningStyle = Automatic;
					};
				};
			};
			buildConfigurationList = 23B4E4BE2005F9050076DD65 /* Build configuration list for PBXProject "SetGame" */;
			compatibilityVersion = "Xcode 8.0";
			developmentRegion = en;
			hasScannedForEncodings = 0;
			knownRegions = (
				en,
				Base,
			);
			mainGroup = 23B4E4BA2005F9050076DD65;
			productRefGroup = 23B4E4C42005F9050076DD65 /* Products */;
			projectDirPath = "";
			projectRoot = "";
			targets = (
				23B4E4C22005F9050076DD65 /* SetGame */,
			);
		};
/* End PBXProject section */

/* Begin PBXResourcesBuildPhase section */
		23B4E4C12005F9050076DD65 /* Resources */ = {
			isa = PBXResourcesBuildPhase;
			buildActionMask = 2147483647;
			files = (
				23B4E4D12005F9050076DD65 /* LaunchScreen.storyboard in Resources */,
				23B4E4CE2005F9050076DD65 /* Assets.xcassets in Resources */,
				23B4E4CC2005F9050076DD65 /* Main.storyboard in Resources */,
			);
			runOnlyForDeploymentPostprocessing = 0;
		};
/* End PBXResourcesBuildPhase section */

/* Begin PBXSourcesBuildPhase section */
		23B4E4BF2005F9050076DD65 /* Sources */ = {
			isa = PBXSourcesBuildPhase;
			buildActionMask = 2147483647;
			files = (
				23B4E4FD200CC0E00076DD65 /* SetCardDeck.swift in Sources */,
				23B4E4C92005F9050076DD65 /* ViewController.swift in Sources */,
				23B4E4C72005F9050076DD65 /* AppDelegate.swift in Sources */,
				23B4E4FB200CBF900076DD65 /* SetCard.swift in Sources */,
				23B4E4D92005F9620076DD65 /* SetCardView.swift in Sources */,
			);
			runOnlyForDeploymentPostprocessing = 0;
		};
/* End PBXSourcesBuildPhase section */

/* Begin PBXVariantGroup section */
		23B4E4CA2005F9050076DD65 /* Main.storyboard */ = {
			isa = PBXVariantGroup;
			children = (
				23B4E4CB2005F9050076DD65 /* Base */,
			);
			name = Main.storyboard;
			sourceTree = "<group>";
		};
		23B4E4CF2005F9050076DD65 /* LaunchScreen.storyboard */ = {
			isa = PBXVariantGroup;
			children = (
				23B4E4D02005F9050076DD65 /* Base */,
			);
			name = LaunchScreen.storyboard;
			sourceTree = "<group>";
		};
/* End PBXVariantGroup section */

/* Begin XCBuildConfiguration section */
		23B4E4D32005F9050076DD65 /* Debug */ = {
			isa = XCBuildConfiguration;
			buildSettings = {
				ALWAYS_SEARCH_USER_PATHS = NO;
				CLANG_ANALYZER_NONNULL = YES;
				CLANG_ANALYZER_NUMBER_OBJECT_CONVERSION = YES_AGGRESSIVE;
				CLANG_CXX_LANGUAGE_STANDARD = "gnu++14";
				CLANG_CXX_LIBRARY = "libc++";
				CLANG_ENABLE_MODULES = YES;
				CLANG_ENABLE_OBJC_ARC = YES;
				CLANG_WARN_BLOCK_CAPTURE_AUTORELEASING = YES;
				CLANG_WARN_BOOL_CONVERSION = YES;
				CLANG_WARN_COMMA = YES;
				CLANG_WARN_CONSTANT_CONVERSION = YES;
				CLANG_WARN_DIRECT_OBJC_ISA_USAGE = YES_ERROR;
				CLANG_WARN_DOCUMENTATION_COMMENTS = YES;
				CLANG_WARN_EMPTY_BODY = YES;
				CLANG_WARN_ENUM_CONVERSION = YES;
				CLANG_WARN_INFINITE_RECURSION = YES;
				CLANG_WARN_INT_CONVERSION = YES;
				CLANG_WARN_NON_LITERAL_NULL_CONVERSION = YES;
				CLANG_WARN_OBJC_LITERAL_CONVERSION = YES;
				CLANG_WARN_OBJC_ROOT_CLASS = YES_ERROR;
				CLANG_WARN_RANGE_LOOP_ANALYSIS = YES;
				CLANG_WARN_STRICT_PROTOTYPES = YES;
				CLANG_WARN_SUSPICIOUS_MOVE = YES;
				CLANG_WARN_UNGUARDED_AVAILABILITY = YES_AGGRESSIVE;
				CLANG_WARN_UNREACHABLE_CODE = YES;
				CLANG_WARN__DUPLICATE_METHOD_MATCH = YES;
				CODE_SIGN_IDENTITY = "iPhone Developer";
				COPY_PHASE_STRIP = NO;
				DEBUG_INFORMATION_FORMAT = dwarf;
				ENABLE_STRICT_OBJC_MSGSEND = YES;
				ENABLE_TESTABILITY = YES;
				GCC_C_LANGUAGE_STANDARD = gnu11;
				GCC_DYNAMIC_NO_PIC = NO;
				GCC_NO_COMMON_BLOCKS = YES;
				GCC_OPTIMIZATION_LEVEL = 0;
				GCC_PREPROCESSOR_DEFINITIONS = (
					"DEBUG=1",
					"$(inherited)",
				);
				GCC_WARN_64_TO_32_BIT_CONVERSION = YES;
				GCC_WARN_ABOUT_RETURN_TYPE = YES_ERROR;
				GCC_WARN_UNDECLARED_SELECTOR = YES;
				GCC_WARN_UNINITIALIZED_AUTOS = YES_AGGRESSIVE;
				GCC_WARN_UNUSED_FUNCTION = YES;
				GCC_WARN_UNUSED_VARIABLE = YES;
				IPHONEOS_DEPLOYMENT_TARGET = 11.2;
				MTL_ENABLE_DEBUG_INFO = YES;
				ONLY_ACTIVE_ARCH = YES;
				SDKROOT = iphoneos;
				SWIFT_ACTIVE_COMPILATION_CONDITIONS = DEBUG;
				SWIFT_OPTIMIZATION_LEVEL = "-Onone";
			};
			name = Debug;
		};
		23B4E4D42005F9050076DD65 /* Release */ = {
			isa = XCBuildConfiguration;
			buildSettings = {
				ALWAYS_SEARCH_USER_PATHS = NO;
				CLANG_ANALYZER_NONNULL = YES;
				CLANG_ANALYZER_NUMBER_OBJECT_CONVERSION = YES_AGGRESSIVE;
				CLANG_CXX_LANGUAGE_STANDARD = "gnu++14";
				CLANG_CXX_LIBRARY = "libc++";
				CLANG_ENABLE_MODULES = YES;
				CLANG_ENABLE_OBJC_ARC = YES;
				CLANG_WARN_BLOCK_CAPTURE_AUTORELEASING = YES;
				CLANG_WARN_BOOL_CONVERSION = YES;
				CLANG_WARN_COMMA = YES;
				CLANG_WARN_CONSTANT_CONVERSION = YES;
				CLANG_WARN_DIRECT_OBJC_ISA_USAGE = YES_ERROR;
				CLANG_WARN_DOCUMENTATION_COMMENTS = YES;
				CLANG_WARN_EMPTY_BODY = YES;
				CLANG_WARN_ENUM_CONVERSION = YES;
				CLANG_WARN_INFINITE_RECURSION = YES;
				CLANG_WARN_INT_CONVERSION = YES;
				CLANG_WARN_NON_LITERAL_NULL_CONVERSION = YES;
				CLANG_WARN_OBJC_LITERAL_CONVERSION = YES;
				CLANG_WARN_OBJC_ROOT_CLASS = YES_ERROR;
				CLANG_WARN_RANGE_LOOP_ANALYSIS = YES;
				CLANG_WARN_STRICT_PROTOTYPES = YES;
				CLANG_WARN_SUSPICIOUS_MOVE = YES;
				CLANG_WARN_UNGUARDED_AVAILABILITY = YES_AGGRESSIVE;
				CLANG_WARN_UNREACHABLE_CODE = YES;
				CLANG_WARN__DUPLICATE_METHOD_MATCH = YES;
				CODE_SIGN_IDENTITY = "iPhone Developer";
				COPY_PHASE_STRIP = NO;
				DEBUG_INFORMATION_FORMAT = "dwarf-with-dsym";
				ENABLE_NS_ASSERTIONS = NO;
				ENABLE_STRICT_OBJC_MSGSEND = YES;
				GCC_C_LANGUAGE_STANDARD = gnu11;
				GCC_NO_COMMON_BLOCKS = YES;
				GCC_WARN_64_TO_32_BIT_CONVERSION = YES;
				GCC_WARN_ABOUT_RETURN_TYPE = YES_ERROR;
				GCC_WARN_UNDECLARED_SELECTOR = YES;
				GCC_WARN_UNINITIALIZED_AUTOS = YES_AGGRESSIVE;
				GCC_WARN_UNUSED_FUNCTION = YES;
				GCC_WARN_UNUSED_VARIABLE = YES;
				IPHONEOS_DEPLOYMENT_TARGET = 11.2;
				MTL_ENABLE_DEBUG_INFO = NO;
				SDKROOT = iphoneos;
				SWIFT_OPTIMIZATION_LEVEL = "-Owholemodule";
				VALIDATE_PRODUCT = YES;
			};
			name = Release;
		};
		23B4E4D62005F9050076DD65 /* Debug */ = {
			isa = XCBuildConfiguration;
			buildSettings = {
				ASSETCATALOG_COMPILER_APPICON_NAME = AppIcon;
				CODE_SIGN_STYLE = Automatic;
				DEVELOPMENT_TEAM = VP56TWZQTT;
				INFOPLIST_FILE = SetGame/Info.plist;
				LD_RUNPATH_SEARCH_PATHS = "$(inherited) @executable_path/Frameworks";
				PRODUCT_BUNDLE_IDENTIFIER = com.self.wesamKhallaf.SetGame;
				PRODUCT_NAME = "$(TARGET_NAME)";
				SWIFT_VERSION = 4.0;
				TARGETED_DEVICE_FAMILY = "1,2";
			};
			name = Debug;
		};
		23B4E4D72005F9050076DD65 /* Release */ = {
			isa = XCBuildConfiguration;
			buildSettings = {
				ASSETCATALOG_COMPILER_APPICON_NAME = AppIcon;
				CODE_SIGN_STYLE = Automatic;
				DEVELOPMENT_TEAM = VP56TWZQTT;
				INFOPLIST_FILE = SetGame/Info.plist;
				LD_RUNPATH_SEARCH_PATHS = "$(inherited) @executable_path/Frameworks";
				PRODUCT_BUNDLE_IDENTIFIER = com.self.wesamKhallaf.SetGame;
				PRODUCT_NAME = "$(TARGET_NAME)";
				SWIFT_VERSION = 4.0;
				TARGETED_DEVICE_FAMILY = "1,2";
			};
			name = Release;
		};
/* End XCBuildConfiguration section */

/* Begin XCConfigurationList section */
		23B4E4BE2005F9050076DD65 /* Build configuration list for PBXProject "SetGame" */ = {
			isa = XCConfigurationList;
			buildConfigurations = (
				23B4E4D32005F9050076DD65 /* Debug */,
				23B4E4D42005F9050076DD65 /* Release */,
			);
			defaultConfigurationIsVisible = 0;
			defaultConfigurationName = Release;
		};
		23B4E4D52005F9050076DD65 /* Build configuration list for PBXNativeTarget "SetGame" */ = {
			isa = XCConfigurationList;
			buildConfigurations = (
				23B4E4D62005F9050076DD65 /* Debug */,
				23B4E4D72005F9050076DD65 /* Release */,
			);
			defaultConfigurationIsVisible = 0;
			defaultConfigurationName = Release;
		};
/* End XCConfigurationList section */
	};
	rootObject = 23B4E4BB2005F9050076DD65 /* Project object */;
}
